
Microsoft Visual Studio Solution File, Format Version 12.00
# Visual Studio Version 17
VisualStudioVersion = 17.2.32526.322
MinimumVisualStudioVersion = 10.0.40219.1
Project("{9A19103F-16F7-4668-BE54-9A1E7A4F7556}") = "BlazorApp1", "BlazorApp1\BlazorApp1.csproj", "{0804DCC1-E4D5-4182-9C48-7DBA937C7BDE}"
EndProject
Project("{9A19103F-16F7-4668-BE54-9A1E7A4F7556}") = "MiddlewareInASPNETCore", "..\MiddlewareInASPNETCore\MiddlewareInASPNETCore\MiddlewareInASPNETCore.csproj", "{1A138BBE-EC17-4DC1-BF15-054D05A60245}"
EndProject
Global
	GlobalSection(SolutionConfigurationPlatforms) = preSolution
		Debug|Any CPU = Debug|Any CPU
		Release|Any CPU = Release|Any CPU
	EndGlobalSection
	GlobalSection(ProjectConfigurationPlatforms) = postSolution
		{0804DCC1-E4D5-4182-9C48-7DBA937C7BDE}.Debug|Any CPU.ActiveCfg = Debug|Any CPU
		{0804DCC1-E4D5-4182-9C48-7DBA937C7BDE}.Debug|Any CPU.Build.0 = Debug|Any CPU
		{0804DCC1-E4D5-4182-9C48-7DBA937C7BDE}.Release|Any CPU.ActiveCfg = Release|Any CPU
		{0804DCC1-E4D5-4182-9C48-7DBA937C7BDE}.Release|Any CPU.Build.0 = Release|Any CPU
		{1A138BBE-EC17-4DC1-BF15-054D05A60245}.Debug|Any CPU.ActiveCfg = Debug|Any CPU
		{1A138BBE-EC17-4DC1-BF15-054D05A60245}.Debug|Any CPU.Build.0 = Debug|Any CPU
		{1A138BBE-EC17-4DC1-BF15-054D05A60245}.Release|Any CPU.ActiveCfg = Release|Any CPU
		{1A138BBE-EC17-4DC1-BF15-054D05A60245}.Release|Any CPU.Build.0 = Release|Any CPU
	EndGlobalSection
	GlobalSection(SolutionProperties) = preSolution
		HideSolutionNode = FALSE
	EndGlobalSection
	GlobalSection(ExtensibilityGlobals) = postSolution
		SolutionGuid = {D1F44B9A-D47E-41F9-A486-7B68A08B8614}
	EndGlobalSection
EndGlobal
